{
  "name": "hello-express",
  "version": "0.0.1",
  "lockfileVersion": 1,
  "requires": true,
  "dependencies": {
    "ascii-table": {
      "version": "0.0.9"
    },
    "common-tags": {
      "version": "1.8.0"
    },
    "condense-keys": {
      "version": "2.0.0",
      "resolved": "https://registry.npmjs.org/condense-keys/-/condense-keys-2.0.0.tgz",
      "integrity": "sha1-MJcs5CzxuEmUOJTp52imlRxvvEk=",
      "requires": {
        "is-obj": "^1.0.0"
      },
      "dependencies": {
        "is-obj": {
          "version": "1.0.1",
          "resolved": "https://registry.npmjs.org/is-obj/-/is-obj-1.0.1.tgz",
          "integrity": "sha1-PkcprB9f3gJc19g6iW2rn09n2w8="
        }
      }
    },
    "cpu-stat": {
      "version": "2.0.1"
    },
    "discord.js": {
      "version": "11.5.1",
      "requires": {
        "long": "^4.0.0",
        "prism-media": "^0.0.3",
        "snekfetch": "^3.6.4",
        "tweetnacl": "^1.0.0",
        "ws": "^6.0.0"
      },
      "dependencies": {
        "async-limiter": {
          "version": "1.0.1",
          "bundled": true
        },
        "long": {
          "version": "4.0.0",
          "bundled": true
        },
        "prism-media": {
          "version": "0.0.3",
          "bundled": true
        },
        "snekfetch": {
          "version": "3.6.4",
          "bundled": true
        },
        "tweetnacl": {
          "version": "1.0.2",
          "bundled": true
        },
        "ws": {
          "version": "6.2.1",
          "bundled": true,
          "requires": {
            "async-limiter": "~1.0.0"
          }
        }
      }
    },
    "envinfo": {
      "version": "7.4.0"
    },
    "express": {
      "version": "4.16.4",
      "requires": {
        "accepts": "~1.3.5",
        "array-flatten": "1.1.1",
        "body-parser": "1.18.3",
        "content-disposition": "0.5.2",
        "content-type": "~1.0.4",
        "cookie": "0.3.1",
        "cookie-signature": "1.0.6",
        "debug": "2.6.9",
        "depd": "~1.1.2",
        "encodeurl": "~1.0.2",
        "escape-html": "~1.0.3",
        "etag": "~1.8.1",
        "finalhandler": "1.1.1",
        "fresh": "0.5.2",
        "merge-descriptors": "1.0.1",
        "methods": "~1.1.2",
        "on-finished": "~2.3.0",
        "parseurl": "~1.3.2",
        "path-to-regexp": "0.1.7",
        "proxy-addr": "~2.0.4",
        "qs": "6.5.2",
        "range-parser": "~1.2.0",
        "safe-buffer": "5.1.2",
        "send": "0.16.2",
        "serve-static": "1.13.2",
        "setprototypeof": "1.1.0",
        "statuses": "~1.4.0",
        "type-is": "~1.6.16",
        "utils-merge": "1.0.1",
        "vary": "~1.1.2"
      },
      "dependencies": {
        "accepts": {
          "version": "1.3.7",
          "bundled": true,
          "requires": {
            "mime-types": "~2.1.24",
            "negotiator": "0.6.2"
          }
        },
        "array-flatten": {
          "version": "1.1.1",
          "bundled": true
        },
        "body-parser": {
          "version": "1.18.3",
          "bundled": true,
          "requires": {
            "bytes": "3.0.0",
            "content-type": "~1.0.4",
            "debug": "2.6.9",
            "depd": "~1.1.2",
            "http-errors": "~1.6.3",
            "iconv-lite": "0.4.23",
            "on-finished": "~2.3.0",
            "qs": "6.5.2",
            "raw-body": "2.3.3",
            "type-is": "~1.6.16"
          }
        },
        "bytes": {
          "version": "3.0.0",
          "bundled": true
        },
        "content-disposition": {
          "version": "0.5.2",
          "bundled": true
        },
        "content-type": {
          "version": "1.0.4",
          "bundled": true
        },
        "cookie": {
          "version": "0.3.1",
          "bundled": true
        },
        "cookie-signature": {
          "version": "1.0.6",
          "bundled": true
        },
        "debug": {
          "version": "2.6.9",
          "bundled": true,
          "requires": {
            "ms": "2.0.0"
          }
        },
        "depd": {
          "version": "1.1.2",
          "bundled": true
        },
        "destroy": {
          "version": "1.0.4",
          "bundled": true
        },
        "ee-first": {
          "version": "1.1.1",
          "bundled": true
        },
        "encodeurl": {
          "version": "1.0.2",
          "bundled": true
        },
        "escape-html": {
          "version": "1.0.3",
          "bundled": true
        },
        "etag": {
          "version": "1.8.1",
          "bundled": true
        },
        "finalhandler": {
          "version": "1.1.1",
          "bundled": true,
          "requires": {
            "debug": "2.6.9",
            "encodeurl": "~1.0.2",
            "escape-html": "~1.0.3",
            "on-finished": "~2.3.0",
            "parseurl": "~1.3.2",
            "statuses": "~1.4.0",
            "unpipe": "~1.0.0"
          }
        },
        "forwarded": {
          "version": "0.1.2",
          "bundled": true
        },
        "fresh": {
          "version": "0.5.2",
          "bundled": true
        },
        "http-errors": {
          "version": "1.6.3",
          "bundled": true,
          "requires": {
            "depd": "~1.1.2",
            "inherits": "2.0.3",
            "setprototypeof": "1.1.0",
            "statuses": ">= 1.4.0 < 2"
          }
        },
        "iconv-lite": {
          "version": "0.4.23",
          "bundled": true,
          "requires": {
            "safer-buffer": ">= 2.1.2 < 3"
          }
        },
        "inherits": {
          "version": "2.0.3",
          "bundled": true
        },
        "ipaddr.js": {
          "version": "1.9.0",
          "bundled": true
        },
        "media-typer": {
          "version": "0.3.0",
          "bundled": true
        },
        "merge-descriptors": {
          "version": "1.0.1",
          "bundled": true
        },
        "methods": {
          "version": "1.1.2",
          "bundled": true
        },
        "mime": {
          "version": "1.4.1",
          "bundled": true
        },
        "mime-db": {
          "version": "1.43.0",
          "bundled": true
        },
        "mime-types": {
          "version": "2.1.26",
          "bundled": true,
          "requires": {
            "mime-db": "1.43.0"
          }
        },
        "ms": {
          "version": "2.0.0",
          "bundled": true
        },
        "negotiator": {
          "version": "0.6.2",
          "bundled": true
        },
        "on-finished": {
          "version": "2.3.0",
          "bundled": true,
          "requires": {
            "ee-first": "1.1.1"
          }
        },
        "parseurl": {
          "version": "1.3.3",
          "bundled": true
        },
        "path-to-regexp": {
          "version": "0.1.7",
          "bundled": true
        },
        "proxy-addr": {
          "version": "2.0.5",
          "bundled": true,
          "requires": {
            "forwarded": "~0.1.2",
            "ipaddr.js": "1.9.0"
          }
        },
        "qs": {
          "version": "6.5.2",
          "bundled": true
        },
        "range-parser": {
          "version": "1.2.1",
          "bundled": true
        },
        "raw-body": {
          "version": "2.3.3",
          "bundled": true,
          "requires": {
            "bytes": "3.0.0",
            "http-errors": "1.6.3",
            "iconv-lite": "0.4.23",
            "unpipe": "1.0.0"
          }
        },
        "safe-buffer": {
          "version": "5.1.2",
          "bundled": true
        },
        "safer-buffer": {
          "version": "2.1.2",
          "bundled": true
        },
        "send": {
          "version": "0.16.2",
          "bundled": true,
          "requires": {
            "debug": "2.6.9",
            "depd": "~1.1.2",
            "destroy": "~1.0.4",
            "encodeurl": "~1.0.2",
            "escape-html": "~1.0.3",
            "etag": "~1.8.1",
            "fresh": "0.5.2",
            "http-errors": "~1.6.2",
            "mime": "1.4.1",
            "ms": "2.0.0",
            "on-finished": "~2.3.0",
            "range-parser": "~1.2.0",
            "statuses": "~1.4.0"
          }
        },
        "serve-static": {
          "version": "1.13.2",
          "bundled": true,
          "requires": {
            "encodeurl": "~1.0.2",
            "escape-html": "~1.0.3",
            "parseurl": "~1.3.2",
            "send": "0.16.2"
          }
        },
        "setprototypeof": {
          "version": "1.1.0",
          "bundled": true
        },
        "statuses": {
          "version": "1.4.0",
          "bundled": true
        },
        "type-is": {
          "version": "1.6.18",
          "bundled": true,
          "requires": {
            "media-typer": "0.3.0",
            "mime-types": "~2.1.24"
          }
        },
        "unpipe": {
          "version": "1.0.0",
          "bundled": true
        },
        "utils-merge": {
          "version": "1.0.1",
          "bundled": true
        },
        "vary": {
          "version": "1.1.2",
          "bundled": true
        }
      }
    },
    "fs": {
      "version": "0.0.2"
    },
    "get-stream": {
      "version": "5.1.0",
      "resolved": "https://registry.npmjs.org/get-stream/-/get-stream-5.1.0.tgz",
      "integrity": "sha512-EXr1FOzrzTfGeL0gQdeFEvOMm2mzMOglyiOXSTpPC+iAjAKftbr3jpCMWynogwYnM+eSj9sHGc6wjIcDvYiygw==",
      "requires": {
        "pump": "^3.0.0"
      },
      "dependencies": {
        "end-of-stream": {
          "version": "1.4.4",
          "resolved": "https://registry.npmjs.org/end-of-stream/-/end-of-stream-1.4.4.tgz",
          "integrity": "sha512-+uw1inIHVPQoaVuHzRyXd21icM+cnt4CzD5rW+NC1wjOUSTOs+Te7FOv7AhN7vS9x/oIyhLP5PR1H+phQAHu5Q==",
          "requires": {
            "once": "^1.4.0"
          }
        },
        "once": {
          "version": "1.4.0",
          "resolved": "https://registry.npmjs.org/once/-/once-1.4.0.tgz",
          "integrity": "sha1-WDsap3WWHUsROsF9nFC6753Xa9E=",
          "requires": {
            "wrappy": "1"
          }
        },
        "pump": {
          "version": "3.0.0",
          "resolved": "https://registry.npmjs.org/pump/-/pump-3.0.0.tgz",
          "integrity": "sha512-LwZy+p3SFs1Pytd/jYct4wpv49HiYCqd9Rlc5ZVdk0V+8Yzv6jR5Blk3TRmPL1ft69TxP0IMZGJ+WPFU2BFhww==",
          "requires": {
            "end-of-stream": "^1.1.0",
            "once": "^1.3.1"
          }
        },
        "wrappy": {
          "version": "1.0.2",
          "resolved": "https://registry.npmjs.org/wrappy/-/wrappy-1.0.2.tgz",
          "integrity": "sha1-tSQ9jz7BqjXxNkYFvA0QNuMKtp8="
        }
      }
    },
    "got": {
      "version": "10.2.2",
      "resolved": "https://registry.npmjs.org/got/-/got-10.2.2.tgz",
      "integrity": "sha512-QibZN13xHH/mc7H5uuU2xq28xxs8moEPsJrW9AQQX0jAV4DkGdllHDVE9cxw1nntIPFk8xzzOrgJZBg194AWrg==",
      "requires": {
        "@sindresorhus/is": "^1.0.0",
        "@szmarczak/http-timer": "^4.0.0",
        "@types/cacheable-request": "^6.0.1",
        "cacheable-lookup": "^0.2.1",
        "cacheable-request": "^7.0.0",
        "decompress-response": "^5.0.0",
        "duplexer3": "^0.1.4",
        "get-stream": "^5.0.0",
        "lowercase-keys": "^2.0.0",
        "mimic-response": "^2.0.0",
        "p-cancelable": "^2.0.0",
        "responselike": "^2.0.0",
        "to-readable-stream": "^2.0.0",
        "type-fest": "^0.8.0"
      },
      "dependencies": {
        "@sindresorhus/is": {
          "version": "1.2.0",
          "resolved": "https://registry.npmjs.org/@sindresorhus/is/-/is-1.2.0.tgz",
          "integrity": "sha512-mwhXGkRV5dlvQc4EgPDxDxO6WuMBVymGFd1CA+2Y+z5dG9MNspoQ+AWjl/Ld1MnpCL8AKbosZlDVohqcIwuWsw=="
        },
        "@szmarczak/http-timer": {
          "version": "4.0.0",
          "resolved": "https://registry.npmjs.org/@szmarczak/http-timer/-/http-timer-4.0.0.tgz",
          "integrity": "sha512-3yoXv8OtGr/r3R5gaWWNQ3VUoQ5G3Gmo8DXX95V14ZVvE2b7Pj6Ide9uIDON8ym4D/ItyfL9ejohYUPqOyvRXw==",
          "requires": {
            "defer-to-connect": "^1.1.1"
          }
        },
        "@types/cacheable-request": {
          "version": "6.0.1",
          "resolved": "https://registry.npmjs.org/@types/cacheable-request/-/cacheable-request-6.0.1.tgz",
          "integrity": "sha512-ykFq2zmBGOCbpIXtoVbz4SKY5QriWPh3AjyU4G74RYbtt5yOc5OfaY75ftjg7mikMOla1CTGpX3lLbuJh8DTrQ==",
          "requires": {
            "@types/http-cache-semantics": "*",
            "@types/keyv": "*",
            "@types/node": "*",
            "@types/responselike": "*"
          }
        },
        "@types/http-cache-semantics": {
          "version": "4.0.0",
          "resolved": "https://registry.npmjs.org/@types/http-cache-semantics/-/http-cache-semantics-4.0.0.tgz",
          "integrity": "sha512-c3Xy026kOF7QOTn00hbIllV1dLR9hG9NkSrLQgCVs8NF6sBU+VGWjD3wLPhmh1TYAc7ugCFsvHYMN4VcBN1U1A=="
        },
        "@types/keyv": {
          "version": "3.1.1",
          "resolved": "https://registry.npmjs.org/@types/keyv/-/keyv-3.1.1.tgz",
          "integrity": "sha512-MPtoySlAZQ37VoLaPcTHCu1RWJ4llDkULYZIzOYxlhxBqYPB0RsRlmMU0R6tahtFe27mIdkHV+551ZWV4PLmVw==",
          "requires": {
            "@types/node": "*"
          }
        },
        "@types/node": {
          "version": "13.1.8",
          "resolved": "https://registry.npmjs.org/@types/node/-/node-13.1.8.tgz",
          "integrity": "sha512-6XzyyNM9EKQW4HKuzbo/CkOIjn/evtCmsU+MUM1xDfJ+3/rNjBttM1NgN7AOQvN6tP1Sl1D1PIKMreTArnxM9A=="
        },
        "@types/responselike": {
          "version": "1.0.0",
          "resolved": "https://registry.npmjs.org/@types/responselike/-/responselike-1.0.0.tgz",
          "integrity": "sha512-85Y2BjiufFzaMIlvJDvTTB8Fxl2xfLo4HgmHzVBz08w4wDePCTjYw66PdrolO0kzli3yam/YCgRufyo1DdQVTA==",
          "requires": {
            "@types/node": "*"
          }
        },
        "cacheable-lookup": {
          "version": "0.2.1",
          "resolved": "https://registry.npmjs.org/cacheable-lookup/-/cacheable-lookup-0.2.1.tgz",
          "integrity": "sha512-BQ8MRjxJASEq2q+w0SusPU3B054gS278K8sj58QCLMZIso5qG05+MdCdmXxuyVlfvI8h4bPsNOavVUauVCGxrg==",
          "requires": {
            "keyv": "^3.1.0"
          }
        },
        "cacheable-request": {
          "version": "7.0.1",
          "resolved": "https://registry.npmjs.org/cacheable-request/-/cacheable-request-7.0.1.tgz",
          "integrity": "sha512-lt0mJ6YAnsrBErpTMWeu5kl/tg9xMAWjavYTN6VQXM1A/teBITuNcccXsCxF0tDQQJf9DfAaX5O4e0zp0KlfZw==",
          "requires": {
            "clone-response": "^1.0.2",
            "get-stream": "^5.1.0",
            "http-cache-semantics": "^4.0.0",
            "keyv": "^4.0.0",
            "lowercase-keys": "^2.0.0",
            "normalize-url": "^4.1.0",
            "responselike": "^2.0.0"
          },
          "dependencies": {
            "json-buffer": {
              "version": "3.0.1",
              "resolved": "https://registry.npmjs.org/json-buffer/-/json-buffer-3.0.1.tgz",
              "integrity": "sha512-4bV5BfR2mqfQTJm+V5tPPdf+ZpuhiIvTuAB5g8kcrXOZpTT/QwwVRWBywX1ozr6lEuPdbHxwaJlm9G6mI2sfSQ=="
            },
            "keyv": {
              "version": "4.0.0",
              "resolved": "https://registry.npmjs.org/keyv/-/keyv-4.0.0.tgz",
              "integrity": "sha512-U7ioE8AimvRVLfw4LffyOIRhL2xVgmE8T22L6i0BucSnBUyv4w+I7VN/zVZwRKHOI6ZRUcdMdWHQ8KSUvGpEog==",
              "requires": {
                "json-buffer": "3.0.1"
              }
            }
          }
        },
        "clone-response": {
          "version": "1.0.2",
          "resolved": "https://registry.npmjs.org/clone-response/-/clone-response-1.0.2.tgz",
          "integrity": "sha1-0dyXOSAxTfZ/vrlCI7TuNQI56Ws=",
          "requires": {
            "mimic-response": "^1.0.0"
          },
          "dependencies": {
            "mimic-response": {
              "version": "1.0.1",
              "resolved": "https://registry.npmjs.org/mimic-response/-/mimic-response-1.0.1.tgz",
              "integrity": "sha512-j5EctnkH7amfV/q5Hgmoal1g2QHFJRraOtmx0JpIqkxhBhI/lJSl1nMpQ45hVarwNETOoWEimndZ4QK0RHxuxQ=="
            }
          }
        },
        "decompress-response": {
          "version": "5.0.0",
          "resolved": "https://registry.npmjs.org/decompress-response/-/decompress-response-5.0.0.tgz",
          "integrity": "sha512-TLZWWybuxWgoW7Lykv+gq9xvzOsUjQ9tF09Tj6NSTYGMTCHNXzrPnD6Hi+TgZq19PyTAGH4Ll/NIM/eTGglnMw==",
          "requires": {
            "mimic-response": "^2.0.0"
          }
        },
        "defer-to-connect": {
          "version": "1.1.1",
          "resolved": "https://registry.npmjs.org/defer-to-connect/-/defer-to-connect-1.1.1.tgz",
          "integrity": "sha512-J7thop4u3mRTkYRQ+Vpfwy2G5Ehoy82I14+14W4YMDLKdWloI9gSzRbV30s/NckQGVJtPkWNcW4oMAUigTdqiQ=="
        },
        "duplexer3": {
          "version": "0.1.4",
          "resolved": "https://registry.npmjs.org/duplexer3/-/duplexer3-0.1.4.tgz",
          "integrity": "sha1-7gHdHKwO08vH/b6jfcCo8c4ALOI="
        },
        "end-of-stream": {
          "version": "1.4.4",
          "resolved": "https://registry.npmjs.org/end-of-stream/-/end-of-stream-1.4.4.tgz",
          "integrity": "sha512-+uw1inIHVPQoaVuHzRyXd21icM+cnt4CzD5rW+NC1wjOUSTOs+Te7FOv7AhN7vS9x/oIyhLP5PR1H+phQAHu5Q==",
          "requires": {
            "once": "^1.4.0"
          }
        },
        "get-stream": {
          "version": "5.1.0",
          "resolved": "https://registry.npmjs.org/get-stream/-/get-stream-5.1.0.tgz",
          "integrity": "sha512-EXr1FOzrzTfGeL0gQdeFEvOMm2mzMOglyiOXSTpPC+iAjAKftbr3jpCMWynogwYnM+eSj9sHGc6wjIcDvYiygw==",
          "requires": {
            "pump": "^3.0.0"
          }
        },
        "http-cache-semantics": {
          "version": "4.0.3",
          "resolved": "https://registry.npmjs.org/http-cache-semantics/-/http-cache-semantics-4.0.3.tgz",
          "integrity": "sha512-TcIMG3qeVLgDr1TEd2XvHaTnMPwYQUQMIBLy+5pLSDKYFc7UIqj39w8EGzZkaxoLv/l2K8HaI0t5AVA+YYgUew=="
        },
        "json-buffer": {
          "version": "3.0.0",
          "resolved": "https://registry.npmjs.org/json-buffer/-/json-buffer-3.0.0.tgz",
          "integrity": "sha1-Wx85evx11ne96Lz8Dkfh+aPZqJg="
        },
        "keyv": {
          "version": "3.1.0",
          "resolved": "https://registry.npmjs.org/keyv/-/keyv-3.1.0.tgz",
          "integrity": "sha512-9ykJ/46SN/9KPM/sichzQ7OvXyGDYKGTaDlKMGCAlg2UK8KRy4jb0d8sFc+0Tt0YYnThq8X2RZgCg74RPxgcVA==",
          "requires": {
            "json-buffer": "3.0.0"
          }
        },
        "lowercase-keys": {
          "version": "2.0.0",
          "resolved": "https://registry.npmjs.org/lowercase-keys/-/lowercase-keys-2.0.0.tgz",
          "integrity": "sha512-tqNXrS78oMOE73NMxK4EMLQsQowWf8jKooH9g7xPavRT706R6bkQJ6DY2Te7QukaZsulxa30wQ7bk0pm4XiHmA=="
        },
        "mimic-response": {
          "version": "2.0.0",
          "resolved": "https://registry.npmjs.org/mimic-response/-/mimic-response-2.0.0.tgz",
          "integrity": "sha512-8ilDoEapqA4uQ3TwS0jakGONKXVJqpy+RpM+3b7pLdOjghCrEiGp9SRkFbUHAmZW9vdnrENWHjaweIoTIJExSQ=="
        },
        "normalize-url": {
          "version": "4.5.0",
          "resolved": "https://registry.npmjs.org/normalize-url/-/normalize-url-4.5.0.tgz",
          "integrity": "sha512-2s47yzUxdexf1OhyRi4Em83iQk0aPvwTddtFz4hnSSw9dCEsLEGf6SwIO8ss/19S9iBb5sJaOuTvTGDeZI00BQ=="
        },
        "once": {
          "version": "1.4.0",
          "resolved": "https://registry.npmjs.org/once/-/once-1.4.0.tgz",
          "integrity": "sha1-WDsap3WWHUsROsF9nFC6753Xa9E=",
          "requires": {
            "wrappy": "1"
          }
        },
        "p-cancelable": {
          "version": "2.0.0",
          "resolved": "https://registry.npmjs.org/p-cancelable/-/p-cancelable-2.0.0.tgz",
          "integrity": "sha512-wvPXDmbMmu2ksjkB4Z3nZWTSkJEb9lqVdMaCKpZUGJG9TMiNp9XcbG3fn9fPKjem04fJMJnXoyFPk2FmgiaiNg=="
        },
        "pump": {
          "version": "3.0.0",
          "resolved": "https://registry.npmjs.org/pump/-/pump-3.0.0.tgz",
          "integrity": "sha512-LwZy+p3SFs1Pytd/jYct4wpv49HiYCqd9Rlc5ZVdk0V+8Yzv6jR5Blk3TRmPL1ft69TxP0IMZGJ+WPFU2BFhww==",
          "requires": {
            "end-of-stream": "^1.1.0",
            "once": "^1.3.1"
          }
        },
        "responselike": {
          "version": "2.0.0",
          "resolved": "https://registry.npmjs.org/responselike/-/responselike-2.0.0.tgz",
          "integrity": "sha512-xH48u3FTB9VsZw7R+vvgaKeLKzT6jOogbQhEe/jewwnZgzPcnyWui2Av6JpoYZF/91uueC+lqhWqeURw5/qhCw==",
          "requires": {
            "lowercase-keys": "^2.0.0"
          }
        },
        "to-readable-stream": {
          "version": "2.1.0",
          "resolved": "https://registry.npmjs.org/to-readable-stream/-/to-readable-stream-2.1.0.tgz",
          "integrity": "sha512-o3Qa6DGg1CEXshSdvWNX2sN4QHqg03SPq7U6jPXRahlQdl5dK8oXjkU/2/sGrnOZKeGV1zLSO8qPwyKklPPE7w=="
        },
        "type-fest": {
          "version": "0.8.1",
          "resolved": "https://registry.npmjs.org/type-fest/-/type-fest-0.8.1.tgz",
          "integrity": "sha512-4dbzIzqvjtgiM5rw1k5rEHtBANKmdudhGyBEajN01fEyhaAIhsoKNy6y7+IN93IfpFtwY9iqi7kD+xwKhQsNJA=="
        },
        "wrappy": {
          "version": "1.0.2",
          "resolved": "https://registry.npmjs.org/wrappy/-/wrappy-1.0.2.tgz",
          "integrity": "sha1-tSQ9jz7BqjXxNkYFvA0QNuMKtp8="
        }
      }
    },
    "hastebin-gen": {
      "version": "2.0.5",
      "requires": {
        "node-fetch": "^2.6.0"
      },
      "dependencies": {
        "node-fetch": {
          "version": "2.6.0",
          "bundled": true
        }
      }
    },
    "minecraft-server-util": {
      "version": "1.0.2"
    },
    "node-fetch": {
      "version": "2.6.0"
    },
    "node-opus": {
      "version": "0.3.3",
      "requires": {
        "bindings": "~1.2.1",
        "commander": "^2.9.0",
        "nan": "^2.14.0",
        "ogg-packet": "^1.0.0"
      },
      "dependencies": {
        "bindings": {
          "version": "1.2.1",
          "bundled": true
        },
        "commander": {
          "version": "2.20.3",
          "bundled": true
        },
        "debug": {
          "version": "2.6.9",
          "bundled": true,
          "requires": {
            "ms": "2.0.0"
          }
        },
        "ms": {
          "version": "2.0.0",
          "bundled": true
        },
        "nan": {
          "version": "2.14.0",
          "bundled": true
        },
        "ogg-packet": {
          "version": "1.0.1",
          "bundled": true,
          "optional": true,
          "requires": {
            "ref-struct": "*"
          }
        },
        "ref": {
          "version": "1.3.5",
          "bundled": true,
          "optional": true,
          "requires": {
            "bindings": "1",
            "debug": "2",
            "nan": "2"
          }
        },
        "ref-struct": {
          "version": "1.1.0",
          "bundled": true,
          "optional": true,
          "requires": {
            "debug": "2",
            "ref": "1"
          }
        }
      }
    },
    "os": {
      "version": "0.1.1"
    },
    "parse-ms": {
      "version": "2.1.0"
    },
    "quick.db": {
      "version": "7.0.0-b22",
      "resolved": "https://registry.npmjs.org/quick.db/-/quick.db-7.0.0-b22.tgz",
      "integrity": "sha512-Qi3Mx2ho1M0rWzVwrjh5zqmlNVTLqO6WgaI1suZ4qOxhjD3CFcH2nvOnL7o3kan5C0taCrs9/n4EIvq6CgpCaQ==",
      "requires": {
        "better-sqlite3": "^5.0.1",
        "lodash.get": "^4.4.2",
        "lodash.set": "^4.3.2",
        "lodash.unset": "^4.5.2"
      },
      "dependencies": {
        "better-sqlite3": {
          "version": "5.4.3",
          "resolved": "https://registry.npmjs.org/better-sqlite3/-/better-sqlite3-5.4.3.tgz",
          "integrity": "sha512-fPp+8f363qQIhuhLyjI4bu657J/FfMtgiiHKfaTsj3RWDkHlWC1yT7c6kHZDnBxzQVoAINuzg553qKmZ4F1rEw==",
          "requires": {
            "integer": "^2.1.0",
            "tar": "^4.4.10"
          }
        },
        "chownr": {
          "version": "1.1.3",
          "resolved": "https://registry.npmjs.org/chownr/-/chownr-1.1.3.tgz",
          "integrity": "sha512-i70fVHhmV3DtTl6nqvZOnIjbY0Pe4kAUjwHj8z0zAdgBtYrJyYwLKCCuRBQ5ppkyL0AkN7HKRnETdmdp1zqNXw=="
        },
        "fs-minipass": {
          "version": "1.2.7",
          "resolved": "https://registry.npmjs.org/fs-minipass/-/fs-minipass-1.2.7.tgz",
          "integrity": "sha512-GWSSJGFy4e9GUeCcbIkED+bgAoFyj7XF1mV8rma3QW4NIqX9Kyx79N/PF61H5udOV3aY1IaMLs6pGbH71nlCTA==",
          "requires": {
            "minipass": "^2.6.0"
          }
        },
        "integer": {
          "version": "2.1.0",
          "resolved": "https://registry.npmjs.org/integer/-/integer-2.1.0.tgz",
          "integrity": "sha512-vBtiSgrEiNocWvvZX1RVfeOKa2mCHLZQ2p9nkQkQZ/BvEiY+6CcUz0eyjvIiewjJoeNidzg2I+tpPJvpyspL1w=="
        },
        "lodash.get": {
          "version": "4.4.2",
          "resolved": "https://registry.npmjs.org/lodash.get/-/lodash.get-4.4.2.tgz",
          "integrity": "sha1-LRd/ZS+jHpObRDjVNBSZ36OCXpk="
        },
        "lodash.set": {
          "version": "4.3.2",
          "resolved": "https://registry.npmjs.org/lodash.set/-/lodash.set-4.3.2.tgz",
          "integrity": "sha1-2HV7HagH3eJIFrDWqEvqGnYjCyM="
        },
        "lodash.unset": {
          "version": "4.5.2",
          "resolved": "https://registry.npmjs.org/lodash.unset/-/lodash.unset-4.5.2.tgz",
          "integrity": "sha1-Nw0dPoW3Kn4bDN8tJyEhMG8j5O0="
        },
        "minimist": {
          "version": "0.0.8",
          "resolved": "https://registry.npmjs.org/minimist/-/minimist-0.0.8.tgz",
          "integrity": "sha1-hX/Kv8M5fSYluCKCYuhqp6ARsF0="
        },
        "minipass": {
          "version": "2.9.0",
          "resolved": "https://registry.npmjs.org/minipass/-/minipass-2.9.0.tgz",
          "integrity": "sha512-wxfUjg9WebH+CUDX/CdbRlh5SmfZiy/hpkxaRI16Y9W56Pa75sWgd/rvFilSgrauD9NyFymP/+JFV3KwzIsJeg==",
          "requires": {
            "safe-buffer": "^5.1.2",
            "yallist": "^3.0.0"
          }
        },
        "minizlib": {
          "version": "1.3.3",
          "resolved": "https://registry.npmjs.org/minizlib/-/minizlib-1.3.3.tgz",
          "integrity": "sha512-6ZYMOEnmVsdCeTJVE0W9ZD+pVnE8h9Hma/iOwwRDsdQoePpoX56/8B6z3P9VNwppJuBKNRuFDRNRqRWexT9G9Q==",
          "requires": {
            "minipass": "^2.9.0"
          }
        },
        "mkdirp": {
          "version": "0.5.1",
          "resolved": "https://registry.npmjs.org/mkdirp/-/mkdirp-0.5.1.tgz",
          "integrity": "sha1-MAV0OOrGz3+MR2fzhkjWaX11yQM=",
          "requires": {
            "minimist": "0.0.8"
          }
        },
        "safe-buffer": {
          "version": "5.2.0",
          "resolved": "https://registry.npmjs.org/safe-buffer/-/safe-buffer-5.2.0.tgz",
          "integrity": "sha512-fZEwUGbVl7kouZs1jCdMLdt95hdIv0ZeHg6L7qPeciMZhZ+/gdesW4wgTARkrFWEpspjEATAzUGPG8N2jJiwbg=="
        },
        "tar": {
          "version": "4.4.13",
          "resolved": "https://registry.npmjs.org/tar/-/tar-4.4.13.tgz",
          "integrity": "sha512-w2VwSrBoHa5BsSyH+KxEqeQBAllHhccyMFVHtGtdMpF4W7IRWfZjFiQceJPChOeTsSDVUpER2T8FA93pr0L+QA==",
          "requires": {
            "chownr": "^1.1.1",
            "fs-minipass": "^1.2.5",
            "minipass": "^2.8.6",
            "minizlib": "^1.2.1",
            "mkdirp": "^0.5.0",
            "safe-buffer": "^5.1.2",
            "yallist": "^3.0.3"
          }
        },
        "yallist": {
          "version": "3.1.1",
          "resolved": "https://registry.npmjs.org/yallist/-/yallist-3.1.1.tgz",
          "integrity": "sha512-a4UGQaWPH59mOXUYnAG2ewncQS4i4F43Tv3JoAM+s2VDAmS9NsK8GpDMLrCHPksFT7h3K6TOoUNn2pb7RoXx4g=="
        }
      }
    },
    "simple-fortnite-api": {
      "version": "0.1.9",
      "requires": {
        "node-fetch": "^2.3.0"
      },
      "dependencies": {
        "node-fetch": {
          "version": "2.6.0",
          "bundled": true
        }
      }
    },
    "snekfetch": {
      "version": "4.0.4",
      "resolved": "https://registry.npmjs.org/snekfetch/-/snekfetch-4.0.4.tgz",
      "integrity": "sha512-dyycG9fvwtSJqKPfMVOpXt+60qvMGe7vWLwOJDiSJaiAx+hs2EnFChG2bXCWn7ulz+zGzrHdN9/yeEb0YqEPww=="
    },
    "teamtrees-api": {
      "version": "1.2.0",
      "requires": {
        "node-fetch": "^2.6.0"
      },
      "dependencies": {
        "node-fetch": {
          "version": "2.6.0",
          "bundled": true
        }
      }
    },
    "urban": {
      "version": "0.3.2",
      "requires": {
        "commander": ">=0.3.0"
      },
      "dependencies": {
        "commander": {
          "version": "4.1.0",
          "bundled": true
        }
      }
    },
    "util": {
      "version": "0.12.1",
      "requires": {
        "inherits": "^2.0.3",
        "is-arguments": "^1.0.4",
        "is-generator-function": "^1.0.7",
        "object.entries": "^1.1.0",
        "safe-buffer": "^5.1.2"
      },
      "dependencies": {
        "define-properties": {
          "version": "1.1.3",
          "bundled": true,
          "requires": {
            "object-keys": "^1.0.12"
          }
        },
        "es-abstract": {
          "version": "1.17.3",
          "bundled": true,
          "requires": {
            "es-to-primitive": "^1.2.1",
            "function-bind": "^1.1.1",
            "has": "^1.0.3",
            "has-symbols": "^1.0.1",
            "is-callable": "^1.1.5",
            "is-regex": "^1.0.5",
            "object-inspect": "^1.7.0",
            "object-keys": "^1.1.1",
            "object.assign": "^4.1.0",
            "string.prototype.trimleft": "^2.1.1",
            "string.prototype.trimright": "^2.1.1"
          }
        },
        "es-to-primitive": {
          "version": "1.2.1",
          "bundled": true,
          "requires": {
            "is-callable": "^1.1.4",
            "is-date-object": "^1.0.1",
            "is-symbol": "^1.0.2"
          }
        },
        "function-bind": {
          "version": "1.1.1",
          "bundled": true
        },
        "has": {
          "version": "1.0.3",
          "bundled": true,
          "requires": {
            "function-bind": "^1.1.1"
          }
        },
        "has-symbols": {
          "version": "1.0.1",
          "bundled": true
        },
        "inherits": {
          "version": "2.0.4",
          "bundled": true
        },
        "is-arguments": {
          "version": "1.0.4",
          "bundled": true
        },
        "is-callable": {
          "version": "1.1.5",
          "bundled": true
        },
        "is-date-object": {
          "version": "1.0.2",
          "bundled": true
        },
        "is-generator-function": {
          "version": "1.0.7",
          "bundled": true
        },
        "is-regex": {
          "version": "1.0.5",
          "bundled": true,
          "requires": {
            "has": "^1.0.3"
          }
        },
        "is-symbol": {
          "version": "1.0.3",
          "bundled": true,
          "requires": {
            "has-symbols": "^1.0.1"
          }
        },
        "object-inspect": {
          "version": "1.7.0",
          "bundled": true
        },
        "object-keys": {
          "version": "1.1.1",
          "bundled": true
        },
        "object.assign": {
          "version": "4.1.0",
          "bundled": true,
          "requires": {
            "define-properties": "^1.1.2",
            "function-bind": "^1.1.1",
            "has-symbols": "^1.0.0",
            "object-keys": "^1.0.11"
          }
        },
        "object.entries": {
          "version": "1.1.1",
          "bundled": true,
          "requires": {
            "define-properties": "^1.1.3",
            "es-abstract": "^1.17.0-next.1",
            "function-bind": "^1.1.1",
            "has": "^1.0.3"
          }
        },
        "safe-buffer": {
          "version": "5.2.0",
          "bundled": true
        },
        "string.prototype.trimleft": {
          "version": "2.1.1",
          "bundled": true,
          "requires": {
            "define-properties": "^1.1.3",
            "function-bind": "^1.1.1"
          }
        },
        "string.prototype.trimright": {
          "version": "2.1.1",
          "bundled": true,
          "requires": {
            "define-properties": "^1.1.3",
            "function-bind": "^1.1.1"
          }
        }
      }
    },
    "yt-search": {
      "version": "0.4.1",
      "requires": {
        "async.parallel": "~0.5.2",
        "cheerio": "~0.22.0",
        "dasu": "0.0.23",
        "minimist": "~1.2.0",
        "node-fzf": "~0.1.2"
      },
      "dependencies": {
        "ansi-regex": {
          "version": "2.1.1",
          "bundled": true
        },
        "async.eachof": {
          "version": "0.5.2",
          "bundled": true,
          "requires": {
            "async.util.keyiterator": "0.5.2",
            "async.util.noop": "0.5.2",
            "async.util.once": "0.5.2",
            "async.util.onlyonce": "0.5.2"
          }
        },
        "async.parallel": {
          "version": "0.5.2",
          "bundled": true,
          "requires": {
            "async.eachof": "0.5.2",
            "async.util.parallel": "0.5.2"
          }
        },
        "async.util.isarray": {
          "version": "0.5.2",
          "bundled": true
        },
        "async.util.isarraylike": {
          "version": "0.5.2",
          "bundled": true,
          "requires": {
            "async.util.isarray": "0.5.2"
          }
        },
        "async.util.keyiterator": {
          "version": "0.5.2",
          "bundled": true,
          "requires": {
            "async.util.isarraylike": "0.5.2",
            "async.util.keys": "0.5.2"
          }
        },
        "async.util.keys": {
          "version": "0.5.2",
          "bundled": true
        },
        "async.util.noop": {
          "version": "0.5.2",
          "bundled": true
        },
        "async.util.once": {
          "version": "0.5.2",
          "bundled": true
        },
        "async.util.onlyonce": {
          "version": "0.5.2",
          "bundled": true
        },
        "async.util.parallel": {
          "version": "0.5.2",
          "bundled": true,
          "requires": {
            "async.util.isarraylike": "0.5.2",
            "async.util.noop": "0.5.2",
            "async.util.restparam": "0.5.2"
          }
        },
        "async.util.restparam": {
          "version": "0.5.2",
          "bundled": true
        },
        "balanced-match": {
          "version": "1.0.0",
          "bundled": true
        },
        "boolbase": {
          "version": "1.0.0",
          "bundled": true
        },
        "brace-expansion": {
          "version": "1.1.11",
          "bundled": true,
          "requires": {
            "balanced-match": "^1.0.0",
            "concat-map": "0.0.1"
          }
        },
        "cheerio": {
          "version": "0.22.0",
          "bundled": true,
          "requires": {
            "css-select": "~1.2.0",
            "dom-serializer": "~0.1.0",
            "entities": "~1.1.1",
            "htmlparser2": "^3.9.1",
            "lodash.assignin": "^4.0.9",
            "lodash.bind": "^4.1.4",
            "lodash.defaults": "^4.0.1",
            "lodash.filter": "^4.4.0",
            "lodash.flatten": "^4.2.0",
            "lodash.foreach": "^4.3.0",
            "lodash.map": "^4.4.0",
            "lodash.merge": "^4.4.0",
            "lodash.pick": "^4.2.1",
            "lodash.reduce": "^4.4.0",
            "lodash.reject": "^4.4.0",
            "lodash.some": "^4.4.0"
          }
        },
        "cli-color": {
          "version": "1.2.0",
          "bundled": true,
          "requires": {
            "ansi-regex": "^2.1.1",
            "d": "1",
            "es5-ext": "^0.10.12",
            "es6-iterator": "2",
            "memoizee": "^0.4.3",
            "timers-ext": "0.1"
          }
        },
        "concat-map": {
          "version": "0.0.1",
          "bundled": true
        },
        "css-select": {
          "version": "1.2.0",
          "bundled": true,
          "requires": {
            "boolbase": "~1.0.0",
            "css-what": "2.1",
            "domutils": "1.5.1",
            "nth-check": "~1.0.1"
          }
        },
        "css-what": {
          "version": "2.1.3",
          "bundled": true
        },
        "d": {
          "version": "1.0.1",
          "bundled": true,
          "requires": {
            "es5-ext": "^0.10.50",
            "type": "^1.0.1"
          }
        },
        "dasu": {
          "version": "0.0.23",
          "bundled": true
        },
        "dom-serializer": {
          "version": "0.1.1",
          "bundled": true,
          "requires": {
            "domelementtype": "^1.3.0",
            "entities": "^1.1.1"
          }
        },
        "domelementtype": {
          "version": "1.3.1",
          "bundled": true
        },
        "domhandler": {
          "version": "2.4.2",
          "bundled": true,
          "requires": {
            "domelementtype": "1"
          }
        },
        "domutils": {
          "version": "1.5.1",
          "bundled": true,
          "requires": {
            "dom-serializer": "0",
            "domelementtype": "1"
          }
        },
        "entities": {
          "version": "1.1.2",
          "bundled": true
        },
        "es5-ext": {
          "version": "0.10.53",
          "bundled": true,
          "requires": {
            "es6-iterator": "~2.0.3",
            "es6-symbol": "~3.1.3",
            "next-tick": "~1.0.0"
          }
        },
        "es6-iterator": {
          "version": "2.0.3",
          "bundled": true,
          "requires": {
            "d": "1",
            "es5-ext": "^0.10.35",
            "es6-symbol": "^3.1.1"
          }
        },
        "es6-symbol": {
          "version": "3.1.3",
          "bundled": true,
          "requires": {
            "d": "^1.0.1",
            "ext": "^1.1.2"
          }
        },
        "es6-weak-map": {
          "version": "2.0.3",
          "bundled": true,
          "requires": {
            "d": "1",
            "es5-ext": "^0.10.46",
            "es6-iterator": "^2.0.3",
            "es6-symbol": "^3.1.1"
          }
        },
        "event-emitter": {
          "version": "0.3.5",
          "bundled": true,
          "requires": {
            "d": "1",
            "es5-ext": "~0.10.14"
          }
        },
        "ext": {
          "version": "1.4.0",
          "bundled": true,
          "requires": {
            "type": "^2.0.0"
          },
          "dependencies": {
            "type": {
              "version": "2.0.0",
              "bundled": true
            }
          }
        },
        "htmlparser2": {
          "version": "3.10.1",
          "bundled": true,
          "requires": {
            "domelementtype": "^1.3.1",
            "domhandler": "^2.3.0",
            "domutils": "^1.5.1",
            "entities": "^1.1.1",
            "inherits": "^2.0.1",
            "readable-stream": "^3.1.1"
          }
        },
        "inherits": {
          "version": "2.0.4",
          "bundled": true
        },
        "is-fullwidth-code-point": {
          "version": "2.0.0",
          "bundled": true
        },
        "is-promise": {
          "version": "2.1.0",
          "bundled": true
        },
        "keypress": {
          "version": "0.2.1",
          "bundled": true
        },
        "lodash.assignin": {
          "version": "4.2.0",
          "bundled": true
        },
        "lodash.bind": {
          "version": "4.2.1",
          "bundled": true
        },
        "lodash.defaults": {
          "version": "4.2.0",
          "bundled": true
        },
        "lodash.filter": {
          "version": "4.6.0",
          "bundled": true
        },
        "lodash.flatten": {
          "version": "4.4.0",
          "bundled": true
        },
        "lodash.foreach": {
          "version": "4.5.0",
          "bundled": true
        },
        "lodash.map": {
          "version": "4.6.0",
          "bundled": true
        },
        "lodash.merge": {
          "version": "4.6.2",
          "bundled": true
        },
        "lodash.pick": {
          "version": "4.4.0",
          "bundled": true
        },
        "lodash.reduce": {
          "version": "4.6.0",
          "bundled": true
        },
        "lodash.reject": {
          "version": "4.6.0",
          "bundled": true
        },
        "lodash.some": {
          "version": "4.6.0",
          "bundled": true
        },
        "lru-queue": {
          "version": "0.1.0",
          "bundled": true,
          "requires": {
            "es5-ext": "~0.10.2"
          }
        },
        "memoizee": {
          "version": "0.4.14",
          "bundled": true,
          "requires": {
            "d": "1",
            "es5-ext": "^0.10.45",
            "es6-weak-map": "^2.0.2",
            "event-emitter": "^0.3.5",
            "is-promise": "^2.1",
            "lru-queue": "0.1",
            "next-tick": "1",
            "timers-ext": "^0.1.5"
          }
        },
        "minimatch": {
          "version": "3.0.4",
          "bundled": true,
          "requires": {
            "brace-expansion": "^1.1.7"
          }
        },
        "minimist": {
          "version": "1.2.0",
          "bundled": true
        },
        "next-tick": {
          "version": "1.0.0",
          "bundled": true
        },
        "node-fzf": {
          "version": "0.1.2",
          "bundled": true,
          "requires": {
            "cli-color": "~1.2.0",
            "keypress": "~0.2.1",
            "minimist": "~1.2.0",
            "redstar": "0.0.2",
            "string-width": "~2.1.1",
            "ttys": "0.0.3"
          }
        },
        "nth-check": {
          "version": "1.0.2",
          "bundled": true,
          "requires": {
            "boolbase": "~1.0.0"
          }
        },
        "readable-stream": {
          "version": "3.5.0",
          "bundled": true,
          "requires": {
            "inherits": "^2.0.3",
            "string_decoder": "^1.1.1",
            "util-deprecate": "^1.0.1"
          }
        },
        "redstar": {
          "version": "0.0.2",
          "bundled": true,
          "requires": {
            "minimatch": "~3.0.4"
          }
        },
        "safe-buffer": {
          "version": "5.2.0",
          "bundled": true
        },
        "string-width": {
          "version": "2.1.1",
          "bundled": true,
          "requires": {
            "is-fullwidth-code-point": "^2.0.0",
            "strip-ansi": "^4.0.0"
          }
        },
        "string_decoder": {
          "version": "1.3.0",
          "bundled": true,
          "requires": {
            "safe-buffer": "~5.2.0"
          }
        },
        "strip-ansi": {
          "version": "4.0.0",
          "bundled": true,
          "requires": {
            "ansi-regex": "^3.0.0"
          },
          "dependencies": {
            "ansi-regex": {
              "version": "3.0.0",
              "bundled": true
            }
          }
        },
        "timers-ext": {
          "version": "0.1.7",
          "bundled": true,
          "requires": {
            "es5-ext": "~0.10.46",
            "next-tick": "1"
          }
        },
        "ttys": {
          "version": "0.0.3",
          "bundled": true
        },
        "type": {
          "version": "1.2.0",
          "bundled": true
        },
        "util-deprecate": {
          "version": "1.0.2",
          "bundled": true
        }
      }
    },
    "ytdl-core": {
      "version": "1.0.0",
      "requires": {
        "html-entities": "^1.1.3",
        "m3u8stream": "^0.6.2",
        "miniget": "^1.6.0",
        "sax": "^1.1.3"
      },
      "dependencies": {
        "html-entities": {
          "version": "1.2.1",
          "bundled": true
        },
        "m3u8stream": {
          "version": "0.6.4",
          "bundled": true,
          "requires": {
            "miniget": "^1.6.1",
            "sax": "^1.2.4"
          }
        },
        "miniget": {
          "version": "1.6.1",
          "bundled": true
        },
        "sax": {
          "version": "1.2.4",
          "bundled": true
        }
      }
    }
  }
}
